
Microsoft Visual Studio Solution File, Format Version 12.00
# Visual Studio Version 17
VisualStudioVersion = 17.14.37111.16 d17.14
MinimumVisualStudioVersion = 10.0.40219.1
Project("{FAE04EC0-301F-11D3-BF4B-00C04F79EFBC}") = "APILibros", "APILibros.csproj", "{B03C58BA-69B1-4949-93AB-ED0DCC66FBBF}"
EndProject
Global
	GlobalSection(SolutionConfigurationPlatforms) = preSolution
		Debug|Any CPU = Debug|Any CPU
		Release|Any CPU = Release|Any CPU
	EndGlobalSection
	GlobalSection(ProjectConfigurationPlatforms) = postSolution
		{B03C58BA-69B1-4949-93AB-ED0DCC66FBBF}.Debug|Any CPU.ActiveCfg = Debug|Any CPU
		{B03C58BA-69B1-4949-93AB-ED0DCC66FBBF}.Debug|Any CPU.Build.0 = Debug|Any CPU
		{B03C58BA-69B1-4949-93AB-ED0DCC66FBBF}.Release|Any CPU.ActiveCfg = Release|Any CPU
		{B03C58BA-69B1-4949-93AB-ED0DCC66FBBF}.Release|Any CPU.Build.0 = Release|Any CPU
	EndGlobalSection
	GlobalSection(SolutionProperties) = preSolution
		HideSolutionNode = FALSE
	EndGlobalSection
	GlobalSection(ExtensibilityGlobals) = postSolution
		SolutionGuid = {444CE042-0852-414F-B01B-DE8BF2B283EB}
	EndGlobalSection
EndGlobal
